
Microsoft Visual Studio Solution File, Format Version 12.00
# Visual Studio Version 16
VisualStudioVersion = 16.0.30804.86
MinimumVisualStudioVersion = 10.0.40219.1
Project("{9A19103F-16F7-4668-BE54-9A1E7A4F7556}") = "BoilerMonitorServer", "BoilerMonitorServer.csproj", "{FC964032-C851-47F4-9C63-034ADB2A1889}"
EndProject
Project("{FAE04EC0-301F-11D3-BF4B-00C04F79EFBC}") = "DTO", "..\DTO\DTO.csproj", "{F4308061-D094-461A-B4B4-57F0BB845313}"
EndProject
Global
	GlobalSection(SolutionConfigurationPlatforms) = preSolution
		Debug|Any CPU = Debug|Any CPU
		Debug|iPhone = Debug|iPhone
		Debug|iPhoneSimulator = Debug|iPhoneSimulator
		Release|Any CPU = Release|Any CPU
		Release|iPhone = Release|iPhone
		Release|iPhoneSimulator = Release|iPhoneSimulator
	EndGlobalSection
	GlobalSection(ProjectConfigurationPlatforms) = postSolution
		{FC964032-C851-47F4-9C63-034ADB2A1889}.Debug|Any CPU.ActiveCfg = Debug|Any CPU
		{FC964032-C851-47F4-9C63-034ADB2A1889}.Debug|Any CPU.Build.0 = Debug|Any CPU
		{FC964032-C851-47F4-9C63-034ADB2A1889}.Debug|iPhone.ActiveCfg = Debug|Any CPU
		{FC964032-C851-47F4-9C63-034ADB2A1889}.Debug|iPhone.Build.0 = Debug|Any CPU
		{FC964032-C851-47F4-9C63-034ADB2A1889}.Debug|iPhoneSimulator.ActiveCfg = Debug|Any CPU
		{FC964032-C851-47F4-9C63-034ADB2A1889}.Debug|iPhoneSimulator.Build.0 = Debug|Any CPU
		{FC964032-C851-47F4-9C63-034ADB2A1889}.Release|Any CPU.ActiveCfg = Release|Any CPU
		{FC964032-C851-47F4-9C63-034ADB2A1889}.Release|Any CPU.Build.0 = Release|Any CPU
		{FC964032-C851-47F4-9C63-034ADB2A1889}.Release|iPhone.ActiveCfg = Release|Any CPU
		{FC964032-C851-47F4-9C63-034ADB2A1889}.Release|iPhone.Build.0 = Release|Any CPU
		{FC964032-C851-47F4-9C63-034ADB2A1889}.Release|iPhoneSimulator.ActiveCfg = Release|Any CPU
		{FC964032-C851-47F4-9C63-034ADB2A1889}.Release|iPhoneSimulator.Build.0 = Release|Any CPU
		{F4308061-D094-461A-B4B4-57F0BB845313}.Debug|Any CPU.ActiveCfg = Debug|Any CPU
		{F4308061-D094-461A-B4B4-57F0BB845313}.Debug|Any CPU.Build.0 = Debug|Any CPU
		{F4308061-D094-461A-B4B4-57F0BB845313}.Debug|iPhone.ActiveCfg = Debug|Any CPU
		{F4308061-D094-461A-B4B4-57F0BB845313}.Debug|iPhone.Build.0 = Debug|Any CPU
		{F4308061-D094-461A-B4B4-57F0BB845313}.Debug|iPhoneSimulator.ActiveCfg = Debug|Any CPU
		{F4308061-D094-461A-B4B4-57F0BB845313}.Debug|iPhoneSimulator.Build.0 = Debug|Any CPU
		{F4308061-D094-461A-B4B4-57F0BB845313}.Release|Any CPU.ActiveCfg = Release|Any CPU
		{F4308061-D094-461A-B4B4-57F0BB845313}.Release|Any CPU.Build.0 = Release|Any CPU
		{F4308061-D094-461A-B4B4-57F0BB845313}.Release|iPhone.ActiveCfg = Release|Any CPU
		{F4308061-D094-461A-B4B4-57F0BB845313}.Release|iPhone.Build.0 = Release|Any CPU
		{F4308061-D094-461A-B4B4-57F0BB845313}.Release|iPhoneSimulator.ActiveCfg = Release|Any CPU
		{F4308061-D094-461A-B4B4-57F0BB845313}.Release|iPhoneSimulator.Build.0 = Release|Any CPU
	EndGlobalSection
	GlobalSection(SolutionProperties) = preSolution
		HideSolutionNode = FALSE
	EndGlobalSection
	GlobalSection(ExtensibilityGlobals) = postSolution
		SolutionGuid = {D581F35B-275B-4528-A1F5-5F1CA1A53A61}
	EndGlobalSection
EndGlobal
