
Microsoft Visual Studio Solution File, Format Version 12.00
# Visual Studio Version 16
VisualStudioVersion = 16.0.30804.86
MinimumVisualStudioVersion = 10.0.40219.1
Project("{9A19103F-16F7-4668-BE54-9A1E7A4F7556}") = "BoilerMonitorServer", "BoilerMonitorServer.csproj", "{FC964032-C851-47F4-9C63-034ADB2A1889}"
EndProject
Project("{FAE04EC0-301F-11D3-BF4B-00C04F79EFBC}") = "DataLoader", "..\DataLoader\DataLoader.csproj", "{66CC65AB-6A36-4BB5-B3AE-5F7EF9BB59B7}"
EndProject
Global
	GlobalSection(SolutionConfigurationPlatforms) = preSolution
		Debug|Any CPU = Debug|Any CPU
		Release|Any CPU = Release|Any CPU
	EndGlobalSection
	GlobalSection(ProjectConfigurationPlatforms) = postSolution
		{FC964032-C851-47F4-9C63-034ADB2A1889}.Debug|Any CPU.ActiveCfg = Debug|Any CPU
		{FC964032-C851-47F4-9C63-034ADB2A1889}.Debug|Any CPU.Build.0 = Debug|Any CPU
		{FC964032-C851-47F4-9C63-034ADB2A1889}.Release|Any CPU.ActiveCfg = Release|Any CPU
		{FC964032-C851-47F4-9C63-034ADB2A1889}.Release|Any CPU.Build.0 = Release|Any CPU
		{66CC65AB-6A36-4BB5-B3AE-5F7EF9BB59B7}.Debug|Any CPU.ActiveCfg = Debug|Any CPU
		{66CC65AB-6A36-4BB5-B3AE-5F7EF9BB59B7}.Debug|Any CPU.Build.0 = Debug|Any CPU
		{66CC65AB-6A36-4BB5-B3AE-5F7EF9BB59B7}.Release|Any CPU.ActiveCfg = Release|Any CPU
		{66CC65AB-6A36-4BB5-B3AE-5F7EF9BB59B7}.Release|Any CPU.Build.0 = Release|Any CPU
	EndGlobalSection
	GlobalSection(SolutionProperties) = preSolution
		HideSolutionNode = FALSE
	EndGlobalSection
	GlobalSection(ExtensibilityGlobals) = postSolution
		SolutionGuid = {D581F35B-275B-4528-A1F5-5F1CA1A53A61}
	EndGlobalSection
EndGlobal
